// !$*UTF8*$!
{
	archiveVersion = 1;
	classes = {
	};
	objectVersion = 50;
	objects = {

/* Begin PBXBuildFile section */
		7CA984D7BB88A12B2EC8A641 /* Pods_Timeline.framework in Frameworks */ = {isa = PBXBuildFile; fileRef = 5EDC1D32AC7C240ABF5F0CE7 /* Pods_Timeline.framework */; };
		F21EF4E02249AEA100DF4CDA /* Item.swift in Sources */ = {isa = PBXBuildFile; fileRef = F21EF4DF2249AEA100DF4CDA /* Item.swift */; };
		F21EF4E22249AEAA00DF4CDA /* Category.swift in Sources */ = {isa = PBXBuildFile; fileRef = F21EF4E12249AEAA00DF4CDA /* Category.swift */; };
		F221AADF2246F08100507EBE /* AppDelegate.swift in Sources */ = {isa = PBXBuildFile; fileRef = F221AADE2246F08100507EBE /* AppDelegate.swift */; };
		F221AAE12246F08100507EBE /* ItemViewController.swift in Sources */ = {isa = PBXBuildFile; fileRef = F221AAE02246F08100507EBE /* ItemViewController.swift */; };
		F221AAE42246F08100507EBE /* Main.storyboard in Resources */ = {isa = PBXBuildFile; fileRef = F221AAE22246F08100507EBE /* Main.storyboard */; };
		F221AAE92246F08200507EBE /* Assets.xcassets in Resources */ = {isa = PBXBuildFile; fileRef = F221AAE82246F08200507EBE /* Assets.xcassets */; };
		F221AAEC2246F08200507EBE /* LaunchScreen.storyboard in Resources */ = {isa = PBXBuildFile; fileRef = F221AAEA2246F08200507EBE /* LaunchScreen.storyboard */; };
		F221AAFA22481C9800507EBE /* CategoryViewController.swift in Sources */ = {isa = PBXBuildFile; fileRef = F221AAF922481C9800507EBE /* CategoryViewController.swift */; };
		F2C487E5224C02F60068D240 /* SwipeTableViewController.swift in Sources */ = {isa = PBXBuildFile; fileRef = F2C487E4224C02F60068D240 /* SwipeTableViewController.swift */; };
/* End PBXBuildFile section */

/* Begin PBXFileReference section */
		5EDC1D32AC7C240ABF5F0CE7 /* Pods_Timeline.framework */ = {isa = PBXFileReference; explicitFileType = wrapper.framework; includeInIndex = 0; path = Pods_Timeline.framework; sourceTree = BUILT_PRODUCTS_DIR; };
		5EF9079C60C000F794DEE5A9 /* Pods-Timeline.debug.xcconfig */ = {isa = PBXFileReference; includeInIndex = 1; lastKnownFileType = text.xcconfig; name = "Pods-Timeline.debug.xcconfig"; path = "Pods/Target Support Files/Pods-Timeline/Pods-Timeline.debug.xcconfig"; sourceTree = "<group>"; };
		A560C0AA77D885EA558B4310 /* Pods-Timeline.release.xcconfig */ = {isa = PBXFileReference; includeInIndex = 1; lastKnownFileType = text.xcconfig; name = "Pods-Timeline.release.xcconfig"; path = "Pods/Target Support Files/Pods-Timeline/Pods-Timeline.release.xcconfig"; sourceTree = "<group>"; };
		F21EF4DF2249AEA100DF4CDA /* Item.swift */ = {isa = PBXFileReference; lastKnownFileType = sourcecode.swift; path = Item.swift; sourceTree = "<group>"; };
		F21EF4E12249AEAA00DF4CDA /* Category.swift */ = {isa = PBXFileReference; lastKnownFileType = sourcecode.swift; path = Category.swift; sourceTree = "<group>"; };
		F221AADB2246F08100507EBE /* Timeline.app */ = {isa = PBXFileReference; explicitFileType = wrapper.application; includeInIndex = 0; path = Timeline.app; sourceTree = BUILT_PRODUCTS_DIR; };
		F221AADE2246F08100507EBE /* AppDelegate.swift */ = {isa = PBXFileReference; lastKnownFileType = sourcecode.swift; path = AppDelegate.swift; sourceTree = "<group>"; };
		F221AAE02246F08100507EBE /* ItemViewController.swift */ = {isa = PBXFileReference; lastKnownFileType = sourcecode.swift; path = ItemViewController.swift; sourceTree = "<group>"; };
		F221AAE32246F08100507EBE /* Base */ = {isa = PBXFileReference; lastKnownFileType = file.storyboard; name = Base; path = Base.lproj/Main.storyboard; sourceTree = "<group>"; };
		F221AAE82246F08200507EBE /* Assets.xcassets */ = {isa = PBXFileReference; lastKnownFileType = folder.assetcatalog; path = Assets.xcassets; sourceTree = "<group>"; };
		F221AAEB2246F08200507EBE /* Base */ = {isa = PBXFileReference; lastKnownFileType = file.storyboard; name = Base; path = Base.lproj/LaunchScreen.storyboard; sourceTree = "<group>"; };
		F221AAED2246F08200507EBE /* Info.plist */ = {isa = PBXFileReference; lastKnownFileType = text.plist.xml; path = Info.plist; sourceTree = "<group>"; };
		F221AAF922481C9800507EBE /* CategoryViewController.swift */ = {isa = PBXFileReference; lastKnownFileType = sourcecode.swift; path = CategoryViewController.swift; sourceTree = "<group>"; };
		F2C487E4224C02F60068D240 /* SwipeTableViewController.swift */ = {isa = PBXFileReference; lastKnownFileType = sourcecode.swift; path = SwipeTableViewController.swift; sourceTree = "<group>"; };
/* End PBXFileReference section */

/* Begin PBXFrameworksBuildPhase section */
		F221AAD82246F08100507EBE /* Frameworks */ = {
			isa = PBXFrameworksBuildPhase;
			buildActionMask = 2147483647;
			files = (
				7CA984D7BB88A12B2EC8A641 /* Pods_Timeline.framework in Frameworks */,
			);
			runOnlyForDeploymentPostprocessing = 0;
		};
/* End PBXFrameworksBuildPhase section */

/* Begin PBXGroup section */
		6194287D3EE3C510E1C93C43 /* Pods */ = {
			isa = PBXGroup;
			children = (
				5EF9079C60C000F794DEE5A9 /* Pods-Timeline.debug.xcconfig */,
				A560C0AA77D885EA558B4310 /* Pods-Timeline.release.xcconfig */,
			);
			name = Pods;
			sourceTree = "<group>";
		};
		74155E98EA28650765A00664 /* Frameworks */ = {
			isa = PBXGroup;
			children = (
				5EDC1D32AC7C240ABF5F0CE7 /* Pods_Timeline.framework */,
			);
			name = Frameworks;
			sourceTree = "<group>";
		};
		F221AAD22246F08100507EBE = {
			isa = PBXGroup;
			children = (
				F221AADD2246F08100507EBE /* Timeline */,
				F221AADC2246F08100507EBE /* Products */,
				6194287D3EE3C510E1C93C43 /* Pods */,
				74155E98EA28650765A00664 /* Frameworks */,
			);
			sourceTree = "<group>";
		};
		F221AADC2246F08100507EBE /* Products */ = {
			isa = PBXGroup;
			children = (
				F221AADB2246F08100507EBE /* Timeline.app */,
			);
			name = Products;
			sourceTree = "<group>";
		};
		F221AADD2246F08100507EBE /* Timeline */ = {
			isa = PBXGroup;
			children = (
				F221AADE2246F08100507EBE /* AppDelegate.swift */,
				F221AAF5224704C700507EBE /* Model */,
				F221AAF6224704EA00507EBE /* View */,
				F221AAF7224704F000507EBE /* Controller */,
				F221AAF82247052A00507EBE /* Supporting Files */,
				F221AAED2246F08200507EBE /* Info.plist */,
			);
			path = Timeline;
			sourceTree = "<group>";
		};
		F221AAF5224704C700507EBE /* Model */ = {
			isa = PBXGroup;
			children = (
				F21EF4DF2249AEA100DF4CDA /* Item.swift */,
				F21EF4E12249AEAA00DF4CDA /* Category.swift */,
			);
			path = Model;
			sourceTree = "<group>";
		};
		F221AAF6224704EA00507EBE /* View */ = {
			isa = PBXGroup;
			children = (
				F221AAE22246F08100507EBE /* Main.storyboard */,
			);
			path = View;
			sourceTree = "<group>";
		};
		F221AAF7224704F000507EBE /* Controller */ = {
			isa = PBXGroup;
			children = (
				F2C487E4224C02F60068D240 /* SwipeTableViewController.swift */,
				F221AAF922481C9800507EBE /* CategoryViewController.swift */,
				F221AAE02246F08100507EBE /* ItemViewController.swift */,
			);
			path = Controller;
			sourceTree = "<group>";
		};
		F221AAF82247052A00507EBE /* Supporting Files */ = {
			isa = PBXGroup;
			children = (
				F221AAE82246F08200507EBE /* Assets.xcassets */,
				F221AAEA2246F08200507EBE /* LaunchScreen.storyboard */,
			);
			path = "Supporting Files";
			sourceTree = "<group>";
		};
/* End PBXGroup section */

/* Begin PBXNativeTarget section */
		F221AADA2246F08100507EBE /* Timeline */ = {
			isa = PBXNativeTarget;
			buildConfigurationList = F221AAF02246F08200507EBE /* Build configuration list for PBXNativeTarget "Timeline" */;
			buildPhases = (
				AD4CB96EAF632EED6DC73328 /* [CP] Check Pods Manifest.lock */,
				F221AAD72246F08100507EBE /* Sources */,
				F221AAD82246F08100507EBE /* Frameworks */,
				F221AAD92246F08100507EBE /* Resources */,
				FD73C8E53A9713350CA9BB8A /* [CP] Embed Pods Frameworks */,
			);
			buildRules = (
			);
			dependencies = (
			);
			name = Timeline;
			productName = Timeline;
			productReference = F221AADB2246F08100507EBE /* Timeline.app */;
			productType = "com.apple.product-type.application";
		};
/* End PBXNativeTarget section */

/* Begin PBXProject section */
		F221AAD32246F08100507EBE /* Project object */ = {
			isa = PBXProject;
			attributes = {
				LastSwiftUpdateCheck = 1010;
				LastUpgradeCheck = 1010;
				ORGANIZATIONNAME = "Erik Salas";
				TargetAttributes = {
					F221AADA2246F08100507EBE = {
						CreatedOnToolsVersion = 10.1;
						LastSwiftMigration = 1020;
					};
				};
			};
			buildConfigurationList = F221AAD62246F08100507EBE /* Build configuration list for PBXProject "Timeline" */;
			compatibilityVersion = "Xcode 9.3";
			developmentRegion = en;
			hasScannedForEncodings = 0;
			knownRegions = (
				en,
				Base,
			);
			mainGroup = F221AAD22246F08100507EBE;
			productRefGroup = F221AADC2246F08100507EBE /* Products */;
			projectDirPath = "";
			projectRoot = "";
			targets = (
				F221AADA2246F08100507EBE /* Timeline */,
			);
		};
/* End PBXProject section */

/* Begin PBXResourcesBuildPhase section */
		F221AAD92246F08100507EBE /* Resources */ = {
			isa = PBXResourcesBuildPhase;
			buildActionMask = 2147483647;
			files = (
				F221AAEC2246F08200507EBE /* LaunchScreen.storyboard in Resources */,
				F221AAE92246F08200507EBE /* Assets.xcassets in Resources */,
				F221AAE42246F08100507EBE /* Main.storyboard in Resources */,
			);
			runOnlyForDeploymentPostprocessing = 0;
		};
/* End PBXResourcesBuildPhase section */

/* Begin PBXShellScriptBuildPhase section */
		AD4CB96EAF632EED6DC73328 /* [CP] Check Pods Manifest.lock */ = {
			isa = PBXShellScriptBuildPhase;
			buildActionMask = 2147483647;
			files = (
			);
			inputFileListPaths = (
			);
			inputPaths = (
				"${PODS_PODFILE_DIR_PATH}/Podfile.lock",
				"${PODS_ROOT}/Manifest.lock",
			);
			name = "[CP] Check Pods Manifest.lock";
			outputFileListPaths = (
			);
			outputPaths = (
				"$(DERIVED_FILE_DIR)/Pods-Timeline-checkManifestLockResult.txt",
			);
			runOnlyForDeploymentPostprocessing = 0;
			shellPath = /bin/sh;
			shellScript = "diff \"${PODS_PODFILE_DIR_PATH}/Podfile.lock\" \"${PODS_ROOT}/Manifest.lock\" > /dev/null\nif [ $? != 0 ] ; then\n    # print error to STDERR\n    echo \"error: The sandbox is not in sync with the Podfile.lock. Run 'pod install' or update your CocoaPods installation.\" >&2\n    exit 1\nfi\n# This output is used by Xcode 'outputs' to avoid re-running this script phase.\necho \"SUCCESS\" > \"${SCRIPT_OUTPUT_FILE_0}\"\n";
			showEnvVarsInLog = 0;
		};
		FD73C8E53A9713350CA9BB8A /* [CP] Embed Pods Frameworks */ = {
			isa = PBXShellScriptBuildPhase;
			buildActionMask = 2147483647;
			files = (
			);
			inputFileListPaths = (
			);
			inputPaths = (
				"${SRCROOT}/Pods/Target Support Files/Pods-Timeline/Pods-Timeline-frameworks.sh",
				"${BUILT_PRODUCTS_DIR}/ChameleonFramework/ChameleonFramework.framework",
				"${BUILT_PRODUCTS_DIR}/Realm/Realm.framework",
				"${BUILT_PRODUCTS_DIR}/RealmSwift/RealmSwift.framework",
				"${BUILT_PRODUCTS_DIR}/SwipeCellKit/SwipeCellKit.framework",
			);
			name = "[CP] Embed Pods Frameworks";
			outputFileListPaths = (
			);
			outputPaths = (
				"${TARGET_BUILD_DIR}/${FRAMEWORKS_FOLDER_PATH}/ChameleonFramework.framework",
				"${TARGET_BUILD_DIR}/${FRAMEWORKS_FOLDER_PATH}/Realm.framework",
				"${TARGET_BUILD_DIR}/${FRAMEWORKS_FOLDER_PATH}/RealmSwift.framework",
				"${TARGET_BUILD_DIR}/${FRAMEWORKS_FOLDER_PATH}/SwipeCellKit.framework",
			);
			runOnlyForDeploymentPostprocessing = 0;
			shellPath = /bin/sh;
			shellScript = "\"${SRCROOT}/Pods/Target Support Files/Pods-Timeline/Pods-Timeline-frameworks.sh\"\n";
			showEnvVarsInLog = 0;
		};
/* End PBXShellScriptBuildPhase section */

/* Begin PBXSourcesBuildPhase section */
		F221AAD72246F08100507EBE /* Sources */ = {
			isa = PBXSourcesBuildPhase;
			buildActionMask = 2147483647;
			files = (
				F21EF4E02249AEA100DF4CDA /* Item.swift in Sources */,
				F221AAFA22481C9800507EBE /* CategoryViewController.swift in Sources */,
				F221AAE12246F08100507EBE /* ItemViewController.swift in Sources */,
				F221AADF2246F08100507EBE /* AppDelegate.swift in Sources */,
				F2C487E5224C02F60068D240 /* SwipeTableViewController.swift in Sources */,
				F21EF4E22249AEAA00DF4CDA /* Category.swift in Sources */,
			);
			runOnlyForDeploymentPostprocessing = 0;
		};
/* End PBXSourcesBuildPhase section */

/* Begin PBXVariantGroup section */
		F221AAE22246F08100507EBE /* Main.storyboard */ = {
			isa = PBXVariantGroup;
			children = (
				F221AAE32246F08100507EBE /* Base */,
			);
			name = Main.storyboard;
			sourceTree = "<group>";
		};
		F221AAEA2246F08200507EBE /* LaunchScreen.storyboard */ = {
			isa = PBXVariantGroup;
			children = (
				F221AAEB2246F08200507EBE /* Base */,
			);
			name = LaunchScreen.storyboard;
			sourceTree = "<group>";
		};
/* End PBXVariantGroup section */

/* Begin XCBuildConfiguration section */
		F221AAEE2246F08200507EBE /* Debug */ = {
			isa = XCBuildConfiguration;
			buildSettings = {
				ALWAYS_SEARCH_USER_PATHS = NO;
				CLANG_ANALYZER_NONNULL = YES;
				CLANG_ANALYZER_NUMBER_OBJECT_CONVERSION = YES_AGGRESSIVE;
				CLANG_CXX_LANGUAGE_STANDARD = "gnu++14";
				CLANG_CXX_LIBRARY = "libc++";
				CLANG_ENABLE_MODULES = YES;
				CLANG_ENABLE_OBJC_ARC = YES;
				CLANG_ENABLE_OBJC_WEAK = YES;
				CLANG_WARN_BLOCK_CAPTURE_AUTORELEASING = YES;
				CLANG_WARN_BOOL_CONVERSION = YES;
				CLANG_WARN_COMMA = YES;
				CLANG_WARN_CONSTANT_CONVERSION = YES;
				CLANG_WARN_DEPRECATED_OBJC_IMPLEMENTATIONS = YES;
				CLANG_WARN_DIRECT_OBJC_ISA_USAGE = YES_ERROR;
				CLANG_WARN_DOCUMENTATION_COMMENTS = YES;
				CLANG_WARN_EMPTY_BODY = YES;
				CLANG_WARN_ENUM_CONVERSION = YES;
				CLANG_WARN_INFINITE_RECURSION = YES;
				CLANG_WARN_INT_CONVERSION = YES;
				CLANG_WARN_NON_LITERAL_NULL_CONVERSION = YES;
				CLANG_WARN_OBJC_IMPLICIT_RETAIN_SELF = YES;
				CLANG_WARN_OBJC_LITERAL_CONVERSION = YES;
				CLANG_WARN_OBJC_ROOT_CLASS = YES_ERROR;
				CLANG_WARN_RANGE_LOOP_ANALYSIS = YES;
				CLANG_WARN_STRICT_PROTOTYPES = YES;
				CLANG_WARN_SUSPICIOUS_MOVE = YES;
				CLANG_WARN_UNGUARDED_AVAILABILITY = YES_AGGRESSIVE;
				CLANG_WARN_UNREACHABLE_CODE = YES;
				CLANG_WARN__DUPLICATE_METHOD_MATCH = YES;
				CODE_SIGN_IDENTITY = "iPhone Developer";
				COPY_PHASE_STRIP = NO;
				DEBUG_INFORMATION_FORMAT = dwarf;
				ENABLE_STRICT_OBJC_MSGSEND = YES;
				ENABLE_TESTABILITY = YES;
				GCC_C_LANGUAGE_STANDARD = gnu11;
				GCC_DYNAMIC_NO_PIC = NO;
				GCC_NO_COMMON_BLOCKS = YES;
				GCC_OPTIMIZATION_LEVEL = 0;
				GCC_PREPROCESSOR_DEFINITIONS = (
					"DEBUG=1",
					"$(inherited)",
				);
				GCC_WARN_64_TO_32_BIT_CONVERSION = YES;
				GCC_WARN_ABOUT_RETURN_TYPE = YES_ERROR;
				GCC_WARN_UNDECLARED_SELECTOR = YES;
				GCC_WARN_UNINITIALIZED_AUTOS = YES_AGGRESSIVE;
				GCC_WARN_UNUSED_FUNCTION = YES;
				GCC_WARN_UNUSED_VARIABLE = YES;
				IPHONEOS_DEPLOYMENT_TARGET = 12.1;
				MTL_ENABLE_DEBUG_INFO = INCLUDE_SOURCE;
				MTL_FAST_MATH = YES;
				ONLY_ACTIVE_ARCH = YES;
				SDKROOT = iphoneos;
				SWIFT_ACTIVE_COMPILATION_CONDITIONS = DEBUG;
				SWIFT_OPTIMIZATION_LEVEL = "-Onone";
			};
			name = Debug;
		};
		F221AAEF2246F08200507EBE /* Release */ = {
			isa = XCBuildConfiguration;
			buildSettings = {
				ALWAYS_SEARCH_USER_PATHS = NO;
				CLANG_ANALYZER_NONNULL = YES;
				CLANG_ANALYZER_NUMBER_OBJECT_CONVERSION = YES_AGGRESSIVE;
				CLANG_CXX_LANGUAGE_STANDARD = "gnu++14";
				CLANG_CXX_LIBRARY = "libc++";
				CLANG_ENABLE_MODULES = YES;
				CLANG_ENABLE_OBJC_ARC = YES;
				CLANG_ENABLE_OBJC_WEAK = YES;
				CLANG_WARN_BLOCK_CAPTURE_AUTORELEASING = YES;
				CLANG_WARN_BOOL_CONVERSION = YES;
				CLANG_WARN_COMMA = YES;
				CLANG_WARN_CONSTANT_CONVERSION = YES;
				CLANG_WARN_DEPRECATED_OBJC_IMPLEMENTATIONS = YES;
				CLANG_WARN_DIRECT_OBJC_ISA_USAGE = YES_ERROR;
				CLANG_WARN_DOCUMENTATION_COMMENTS = YES;
				CLANG_WARN_EMPTY_BODY = YES;
				CLANG_WARN_ENUM_CONVERSION = YES;
				CLANG_WARN_INFINITE_RECURSION = YES;
				CLANG_WARN_INT_CONVERSION = YES;
				CLANG_WARN_NON_LITERAL_NULL_CONVERSION = YES;
				CLANG_WARN_OBJC_IMPLICIT_RETAIN_SELF = YES;
				CLANG_WARN_OBJC_LITERAL_CONVERSION = YES;
				CLANG_WARN_OBJC_ROOT_CLASS = YES_ERROR;
				CLANG_WARN_RANGE_LOOP_ANALYSIS = YES;
				CLANG_WARN_STRICT_PROTOTYPES = YES;
				CLANG_WARN_SUSPICIOUS_MOVE = YES;
				CLANG_WARN_UNGUARDED_AVAILABILITY = YES_AGGRESSIVE;
				CLANG_WARN_UNREACHABLE_CODE = YES;
				CLANG_WARN__DUPLICATE_METHOD_MATCH = YES;
				CODE_SIGN_IDENTITY = "iPhone Developer";
				COPY_PHASE_STRIP = NO;
				DEBUG_INFORMATION_FORMAT = "dwarf-with-dsym";
				ENABLE_NS_ASSERTIONS = NO;
				ENABLE_STRICT_OBJC_MSGSEND = YES;
				GCC_C_LANGUAGE_STANDARD = gnu11;
				GCC_NO_COMMON_BLOCKS = YES;
				GCC_WARN_64_TO_32_BIT_CONVERSION = YES;
				GCC_WARN_ABOUT_RETURN_TYPE = YES_ERROR;
				GCC_WARN_UNDECLARED_SELECTOR = YES;
				GCC_WARN_UNINITIALIZED_AUTOS = YES_AGGRESSIVE;
				GCC_WARN_UNUSED_FUNCTION = YES;
				GCC_WARN_UNUSED_VARIABLE = YES;
				IPHONEOS_DEPLOYMENT_TARGET = 12.1;
				MTL_ENABLE_DEBUG_INFO = NO;
				MTL_FAST_MATH = YES;
				SDKROOT = iphoneos;
				SWIFT_COMPILATION_MODE = wholemodule;
				SWIFT_OPTIMIZATION_LEVEL = "-O";
				VALIDATE_PRODUCT = YES;
			};
			name = Release;
		};
		F221AAF12246F08200507EBE /* Debug */ = {
			isa = XCBuildConfiguration;
			baseConfigurationReference = 5EF9079C60C000F794DEE5A9 /* Pods-Timeline.debug.xcconfig */;
			buildSettings = {
				ASSETCATALOG_COMPILER_APPICON_NAME = AppIcon;
				CODE_SIGN_STYLE = Automatic;
				DEVELOPMENT_TEAM = B4589LXL7X;
				INFOPLIST_FILE = Timeline/Info.plist;
				LD_RUNPATH_SEARCH_PATHS = (
					"$(inherited)",
					"@executable_path/Frameworks",
				);
				PRODUCT_BUNDLE_IDENTIFIER = com.eriksalascode.Timeline;
				PRODUCT_NAME = "$(TARGET_NAME)";
				SWIFT_VERSION = 5.0;
				TARGETED_DEVICE_FAMILY = "1,2";
			};
			name = Debug;
		};
		F221AAF22246F08200507EBE /* Release */ = {
			isa = XCBuildConfiguration;
			baseConfigurationReference = A560C0AA77D885EA558B4310 /* Pods-Timeline.release.xcconfig */;
			buildSettings = {
				ASSETCATALOG_COMPILER_APPICON_NAME = AppIcon;
				CODE_SIGN_STYLE = Automatic;
				DEVELOPMENT_TEAM = B4589LXL7X;
				INFOPLIST_FILE = Timeline/Info.plist;
				LD_RUNPATH_SEARCH_PATHS = (
					"$(inherited)",
					"@executable_path/Frameworks",
				);
				PRODUCT_BUNDLE_IDENTIFIER = com.eriksalascode.Timeline;
				PRODUCT_NAME = "$(TARGET_NAME)";
				SWIFT_VERSION = 5.0;
				TARGETED_DEVICE_FAMILY = "1,2";
			};
			name = Release;
		};
/* End XCBuildConfiguration section */

/* Begin XCConfigurationList section */
		F221AAD62246F08100507EBE /* Build configuration list for PBXProject "Timeline" */ = {
			isa = XCConfigurationList;
			buildConfigurations = (
				F221AAEE2246F08200507EBE /* Debug */,
				F221AAEF2246F08200507EBE /* Release */,
			);
			defaultConfigurationIsVisible = 0;
			defaultConfigurationName = Release;
		};
		F221AAF02246F08200507EBE /* Build configuration list for PBXNativeTarget "Timeline" */ = {
			isa = XCConfigurationList;
			buildConfigurations = (
				F221AAF12246F08200507EBE /* Debug */,
				F221AAF22246F08200507EBE /* Release */,
			);
			defaultConfigurationIsVisible = 0;
			defaultConfigurationName = Release;
		};
/* End XCConfigurationList section */
	};
	rootObject = F221AAD32246F08100507EBE /* Project object */;
}
